{
  "name": "DatingApp",
  "lockfileVersion": 3,
  "requires": true,
  "packages": {
    "": {
      "dependencies": {
        "ng2-file-upload": "^2.0.0-3"
      }
    },
    "node_modules/ng2-file-upload": {
      "version": "2.0.0-3",
      "resolved": "https://registry.npmjs.org/ng2-file-upload/-/ng2-file-upload-2.0.0-3.tgz",
      "integrity": "sha512-x0BWVJVO3uyc7l/6BWkdvXuAcDv5Jfnf3AGaxIGYGMxNb+64wuVzIjrAhwsoYyIR7qV2Q0X98UGkArq3jpr/hA==",
      "dependencies": {
        "tslib": "^2.0.0"
      },
      "peerDependencies": {
        "@angular/common": "^11.0.0 || ^12.0.0",
        "@angular/core": "^11.0.0 || ^12.0.0"
      }
    },
    "node_modules/tslib": {
      "version": "2.6.1",
      "resolved": "https://registry.npmjs.org/tslib/-/tslib-2.6.1.tgz",
      "integrity": "sha512-t0hLfiEKfMUoqhG+U1oid7Pva4bbDPHYfJNiB7BiIjRkj1pyC++4N3huJfqY6aRH6VTB0rvtzQwjM4K6qpfOig=="
    }
  }
}
